
Microsoft Visual Studio Solution File, Format Version 12.00
# Visual Studio 2012
Project("{8BC9CEB8-8B4A-11D0-8D11-00A0C91BC942}") = "STLTest", "STLTest.vcxproj", "{DBFFE4D7-1BD4-459A-B516-76D6C221052C}"
EndProject
Global
	GlobalSection(SolutionConfigurationPlatforms) = preSolution
		Debug|Win32 = Debug|Win32
		Release|Win32 = Release|Win32
	EndGlobalSection
	GlobalSection(ProjectConfigurationPlatforms) = postSolution
		{DBFFE4D7-1BD4-459A-B516-76D6C221052C}.Debug|Win32.ActiveCfg = Debug|Win32
		{DBFFE4D7-1BD4-459A-B516-76D6C221052C}.Debug|Win32.Build.0 = Debug|Win32
		{DBFFE4D7-1BD4-459A-B516-76D6C221052C}.Release|Win32.ActiveCfg = Release|Win32
		{DBFFE4D7-1BD4-459A-B516-76D6C221052C}.Release|Win32.Build.0 = Release|Win32
	EndGlobalSection
	GlobalSection(SolutionProperties) = preSolution
		HideSolutionNode = FALSE
	EndGlobalSection
EndGlobal
